
Microsoft Visual Studio Solution File, Format Version 12.00
# Visual Studio 15
VisualStudioVersion = 15.0.28307.329
MinimumVisualStudioVersion = 10.0.40219.1
Project("{FAE04EC0-301F-11D3-BF4B-00C04F79EFBC}") = "PasswordGenerator", "PasswordGenerator\PasswordGenerator.csproj", "{D3835F1A-73C1-477D-9F87-07D9A9A2CE92}"
EndProject
Global
	GlobalSection(SolutionConfigurationPlatforms) = preSolution
		Debug|Any CPU = Debug|Any CPU
		Release|Any CPU = Release|Any CPU
	EndGlobalSection
	GlobalSection(ProjectConfigurationPlatforms) = postSolution
		{D3835F1A-73C1-477D-9F87-07D9A9A2CE92}.Debug|Any CPU.ActiveCfg = Debug|Any CPU
		{D3835F1A-73C1-477D-9F87-07D9A9A2CE92}.Debug|Any CPU.Build.0 = Debug|Any CPU
		{D3835F1A-73C1-477D-9F87-07D9A9A2CE92}.Release|Any CPU.ActiveCfg = Release|Any CPU
		{D3835F1A-73C1-477D-9F87-07D9A9A2CE92}.Release|Any CPU.Build.0 = Release|Any CPU
	EndGlobalSection
	GlobalSection(SolutionProperties) = preSolution
		HideSolutionNode = FALSE
	EndGlobalSection
	GlobalSection(ExtensibilityGlobals) = postSolution
		SolutionGuid = {B57EEC14-CA96-4DD5-8C52-FDFCCCFAC41C}
	EndGlobalSection
EndGlobal
